
Microsoft Visual Studio Solution File, Format Version 12.00
# Visual Studio Version 16
VisualStudioVersion = 16.0.31205.134
MinimumVisualStudioVersion = 10.0.40219.1
Project("{FAE04EC0-301F-11D3-BF4B-00C04F79EFBC}") = "BaiTapLon", "BaiTapLon\BaiTapLon.csproj", "{08537E48-EDAB-4D6E-8284-5EEB692583D8}"
EndProject
Global
	GlobalSection(SolutionConfigurationPlatforms) = preSolution
		Debug|Any CPU = Debug|Any CPU
		Release|Any CPU = Release|Any CPU
	EndGlobalSection
	GlobalSection(ProjectConfigurationPlatforms) = postSolution
		{08537E48-EDAB-4D6E-8284-5EEB692583D8}.Debug|Any CPU.ActiveCfg = Debug|Any CPU
		{08537E48-EDAB-4D6E-8284-5EEB692583D8}.Debug|Any CPU.Build.0 = Debug|Any CPU
		{08537E48-EDAB-4D6E-8284-5EEB692583D8}.Release|Any CPU.ActiveCfg = Release|Any CPU
		{08537E48-EDAB-4D6E-8284-5EEB692583D8}.Release|Any CPU.Build.0 = Release|Any CPU
	EndGlobalSection
	GlobalSection(SolutionProperties) = preSolution
		HideSolutionNode = FALSE
	EndGlobalSection
	GlobalSection(ExtensibilityGlobals) = postSolution
		SolutionGuid = {BA840F9D-E874-4853-B030-DA733AD02737}
	EndGlobalSection
EndGlobal
